
Microsoft Visual Studio Solution File, Format Version 12.00
# Visual Studio 14
VisualStudioVersion = 14.0.25123.0
MinimumVisualStudioVersion = 10.0.40219.1
Project("{FAE04EC0-301F-11D3-BF4B-00C04F79EFBC}") = "AnimeTidy", "AnimeTidy\AnimeTidy.csproj", "{D8150175-8B6E-4EFF-B85A-F768B5F949C1}"
	ProjectSection(ProjectDependencies) = postProject
		{346AF638-737F-4AB7-B1E0-779620E4C2AD} = {346AF638-737F-4AB7-B1E0-779620E4C2AD}
		{6CDEA24A-3F60-4835-B43C-D33A7AEFBE9A} = {6CDEA24A-3F60-4835-B43C-D33A7AEFBE9A}
		{C064D389-D9BE-4A44-8A10-F1B2F61FB0AF} = {C064D389-D9BE-4A44-8A10-F1B2F61FB0AF}
	EndProjectSection
EndProject
Project("{FAE04EC0-301F-11D3-BF4B-00C04F79EFBC}") = "AnimeTidyRefer", "AnimeTidyRefer\AnimeTidyRefer.csproj", "{74BBA084-349B-4DCB-9AF8-0A8254CC5A9C}"
EndProject
Project("{FAE04EC0-301F-11D3-BF4B-00C04F79EFBC}") = "AnimeTidyLib", "AnimeTidyLib\AnimeTidyLib.csproj", "{C064D389-D9BE-4A44-8A10-F1B2F61FB0AF}"
EndProject
Project("{FAE04EC0-301F-11D3-BF4B-00C04F79EFBC}") = "Core", "Core\Core.csproj", "{6CDEA24A-3F60-4835-B43C-D33A7AEFBE9A}"
EndProject
Project("{FAE04EC0-301F-11D3-BF4B-00C04F79EFBC}") = "Shell", "Shell\Shell.csproj", "{346AF638-737F-4AB7-B1E0-779620E4C2AD}"
EndProject
Global
	GlobalSection(SolutionConfigurationPlatforms) = preSolution
		Debug|Any CPU = Debug|Any CPU
		Release|Any CPU = Release|Any CPU
	EndGlobalSection
	GlobalSection(ProjectConfigurationPlatforms) = postSolution
		{D8150175-8B6E-4EFF-B85A-F768B5F949C1}.Debug|Any CPU.ActiveCfg = Debug|Any CPU
		{D8150175-8B6E-4EFF-B85A-F768B5F949C1}.Debug|Any CPU.Build.0 = Debug|Any CPU
		{D8150175-8B6E-4EFF-B85A-F768B5F949C1}.Release|Any CPU.ActiveCfg = Release|Any CPU
		{D8150175-8B6E-4EFF-B85A-F768B5F949C1}.Release|Any CPU.Build.0 = Release|Any CPU
		{74BBA084-349B-4DCB-9AF8-0A8254CC5A9C}.Debug|Any CPU.ActiveCfg = Debug|Any CPU
		{74BBA084-349B-4DCB-9AF8-0A8254CC5A9C}.Debug|Any CPU.Build.0 = Debug|Any CPU
		{74BBA084-349B-4DCB-9AF8-0A8254CC5A9C}.Release|Any CPU.ActiveCfg = Release|Any CPU
		{74BBA084-349B-4DCB-9AF8-0A8254CC5A9C}.Release|Any CPU.Build.0 = Release|Any CPU
		{C064D389-D9BE-4A44-8A10-F1B2F61FB0AF}.Debug|Any CPU.ActiveCfg = Debug|Any CPU
		{C064D389-D9BE-4A44-8A10-F1B2F61FB0AF}.Debug|Any CPU.Build.0 = Debug|Any CPU
		{C064D389-D9BE-4A44-8A10-F1B2F61FB0AF}.Release|Any CPU.ActiveCfg = Release|Any CPU
		{C064D389-D9BE-4A44-8A10-F1B2F61FB0AF}.Release|Any CPU.Build.0 = Release|Any CPU
		{6CDEA24A-3F60-4835-B43C-D33A7AEFBE9A}.Debug|Any CPU.ActiveCfg = Debug|Any CPU
		{6CDEA24A-3F60-4835-B43C-D33A7AEFBE9A}.Debug|Any CPU.Build.0 = Debug|Any CPU
		{6CDEA24A-3F60-4835-B43C-D33A7AEFBE9A}.Release|Any CPU.ActiveCfg = Release|Any CPU
		{6CDEA24A-3F60-4835-B43C-D33A7AEFBE9A}.Release|Any CPU.Build.0 = Release|Any CPU
		{346AF638-737F-4AB7-B1E0-779620E4C2AD}.Debug|Any CPU.ActiveCfg = Debug|Any CPU
		{346AF638-737F-4AB7-B1E0-779620E4C2AD}.Debug|Any CPU.Build.0 = Debug|Any CPU
		{346AF638-737F-4AB7-B1E0-779620E4C2AD}.Release|Any CPU.ActiveCfg = Release|Any CPU
		{346AF638-737F-4AB7-B1E0-779620E4C2AD}.Release|Any CPU.Build.0 = Release|Any CPU
	EndGlobalSection
	GlobalSection(SolutionProperties) = preSolution
		HideSolutionNode = FALSE
	EndGlobalSection
EndGlobal
